
Microsoft Visual Studio Solution File, Format Version 12.00
# Visual Studio 15
VisualStudioVersion = 15.0.25807.0
MinimumVisualStudioVersion = 10.0.40219.1
Project("{2150E333-8FDC-42A3-9474-1A3956D46DE8}") = "Engine", "Engine", "{980CA2BB-EF0F-4306-B3E6-37CFF71F882E}"
EndProject
Project("{2150E333-8FDC-42A3-9474-1A3956D46DE8}") = "Games", "Games", "{4B9B89AB-2DF6-48A5-865C-30F3992E1697}"
EndProject
Project("{8BC9CEB8-8B4A-11D0-8D11-00A0C91BC942}") = "UE4", "Intermediate\ProjectFiles\UE4.vcxproj", "{772009E8-1B8E-4AEB-A4CA-131166A0CC5F}"
EndProject
Project("{8BC9CEB8-8B4A-11D0-8D11-00A0C91BC942}") = "TDDemo", "Intermediate\ProjectFiles\TDDemo.vcxproj", "{9527F8E9-84A2-41DF-AA21-D777E7C5C64B}"
EndProject
Project("{2150E333-8FDC-42A3-9474-1A3956D46DE8}") = "Visualizers", "Visualizers", "{3F378ED0-512E-4507-83E5-F629803F5A8E}"
	ProjectSection(SolutionItems) = preProject
		E:\Program Files (x86)\UE_4.24\Engine\Extras\VisualStudioDebugging\UE4.natvis = E:\Program Files (x86)\UE_4.24\Engine\Extras\VisualStudioDebugging\UE4.natvis
	EndProjectSection
EndProject
Global
	GlobalSection(SolutionConfigurationPlatforms) = preSolution
		DebugGame Editor|IOS = DebugGame Editor|IOS
		DebugGame Editor|Win32 = DebugGame Editor|Win32
		DebugGame Editor|Win64 = DebugGame Editor|Win64
		DebugGame|IOS = DebugGame|IOS
		DebugGame|Win32 = DebugGame|Win32
		DebugGame|Win64 = DebugGame|Win64
		Development Editor|IOS = Development Editor|IOS
		Development Editor|Win32 = Development Editor|Win32
		Development Editor|Win64 = Development Editor|Win64
		Development|IOS = Development|IOS
		Development|Win32 = Development|Win32
		Development|Win64 = Development|Win64
		Shipping|IOS = Shipping|IOS
		Shipping|Win32 = Shipping|Win32
		Shipping|Win64 = Shipping|Win64
	EndGlobalSection
	GlobalSection(ProjectConfigurationPlatforms) = postSolution
		{772009E8-1B8E-4AEB-A4CA-131166A0CC5F}.DebugGame Editor|IOS.ActiveCfg = BuiltWithUnrealBuildTool|Win32
		{772009E8-1B8E-4AEB-A4CA-131166A0CC5F}.DebugGame Editor|Win32.ActiveCfg = BuiltWithUnrealBuildTool|Win32
		{772009E8-1B8E-4AEB-A4CA-131166A0CC5F}.DebugGame Editor|Win64.ActiveCfg = BuiltWithUnrealBuildTool|Win32
		{772009E8-1B8E-4AEB-A4CA-131166A0CC5F}.DebugGame|IOS.ActiveCfg = BuiltWithUnrealBuildTool|Win32
		{772009E8-1B8E-4AEB-A4CA-131166A0CC5F}.DebugGame|Win32.ActiveCfg = BuiltWithUnrealBuildTool|Win32
		{772009E8-1B8E-4AEB-A4CA-131166A0CC5F}.DebugGame|Win64.ActiveCfg = BuiltWithUnrealBuildTool|Win32
		{772009E8-1B8E-4AEB-A4CA-131166A0CC5F}.Development Editor|IOS.ActiveCfg = BuiltWithUnrealBuildTool|Win32
		{772009E8-1B8E-4AEB-A4CA-131166A0CC5F}.Development Editor|Win32.ActiveCfg = BuiltWithUnrealBuildTool|Win32
		{772009E8-1B8E-4AEB-A4CA-131166A0CC5F}.Development Editor|Win64.ActiveCfg = BuiltWithUnrealBuildTool|Win32
		{772009E8-1B8E-4AEB-A4CA-131166A0CC5F}.Development|IOS.ActiveCfg = BuiltWithUnrealBuildTool|Win32
		{772009E8-1B8E-4AEB-A4CA-131166A0CC5F}.Development|Win32.ActiveCfg = BuiltWithUnrealBuildTool|Win32
		{772009E8-1B8E-4AEB-A4CA-131166A0CC5F}.Development|Win64.ActiveCfg = BuiltWithUnrealBuildTool|Win32
		{772009E8-1B8E-4AEB-A4CA-131166A0CC5F}.Shipping|IOS.ActiveCfg = BuiltWithUnrealBuildTool|Win32
		{772009E8-1B8E-4AEB-A4CA-131166A0CC5F}.Shipping|Win32.ActiveCfg = BuiltWithUnrealBuildTool|Win32
		{772009E8-1B8E-4AEB-A4CA-131166A0CC5F}.Shipping|Win64.ActiveCfg = BuiltWithUnrealBuildTool|Win32
		{9527F8E9-84A2-41DF-AA21-D777E7C5C64B}.DebugGame Editor|IOS.ActiveCfg = Invalid|Win32
		{9527F8E9-84A2-41DF-AA21-D777E7C5C64B}.DebugGame Editor|Win32.ActiveCfg = Invalid|Win32
		{9527F8E9-84A2-41DF-AA21-D777E7C5C64B}.DebugGame Editor|Win64.ActiveCfg = DebugGame_Editor|x64
		{9527F8E9-84A2-41DF-AA21-D777E7C5C64B}.DebugGame Editor|Win64.Build.0 = DebugGame_Editor|x64
		{9527F8E9-84A2-41DF-AA21-D777E7C5C64B}.DebugGame|IOS.ActiveCfg = IOS_DebugGame|Win32
		{9527F8E9-84A2-41DF-AA21-D777E7C5C64B}.DebugGame|IOS.Build.0 = IOS_DebugGame|Win32
		{9527F8E9-84A2-41DF-AA21-D777E7C5C64B}.DebugGame|Win32.ActiveCfg = DebugGame|Win32
		{9527F8E9-84A2-41DF-AA21-D777E7C5C64B}.DebugGame|Win32.Build.0 = DebugGame|Win32
		{9527F8E9-84A2-41DF-AA21-D777E7C5C64B}.DebugGame|Win64.ActiveCfg = DebugGame|x64
		{9527F8E9-84A2-41DF-AA21-D777E7C5C64B}.DebugGame|Win64.Build.0 = DebugGame|x64
		{9527F8E9-84A2-41DF-AA21-D777E7C5C64B}.Development Editor|IOS.ActiveCfg = Invalid|Win32
		{9527F8E9-84A2-41DF-AA21-D777E7C5C64B}.Development Editor|Win32.ActiveCfg = Invalid|Win32
		{9527F8E9-84A2-41DF-AA21-D777E7C5C64B}.Development Editor|Win64.ActiveCfg = Development_Editor|x64
		{9527F8E9-84A2-41DF-AA21-D777E7C5C64B}.Development Editor|Win64.Build.0 = Development_Editor|x64
		{9527F8E9-84A2-41DF-AA21-D777E7C5C64B}.Development|IOS.ActiveCfg = IOS_Development|Win32
		{9527F8E9-84A2-41DF-AA21-D777E7C5C64B}.Development|IOS.Build.0 = IOS_Development|Win32
		{9527F8E9-84A2-41DF-AA21-D777E7C5C64B}.Development|Win32.ActiveCfg = Development|Win32
		{9527F8E9-84A2-41DF-AA21-D777E7C5C64B}.Development|Win32.Build.0 = Development|Win32
		{9527F8E9-84A2-41DF-AA21-D777E7C5C64B}.Development|Win64.ActiveCfg = Development|x64
		{9527F8E9-84A2-41DF-AA21-D777E7C5C64B}.Development|Win64.Build.0 = Development|x64
		{9527F8E9-84A2-41DF-AA21-D777E7C5C64B}.Shipping|IOS.ActiveCfg = IOS_Shipping|Win32
		{9527F8E9-84A2-41DF-AA21-D777E7C5C64B}.Shipping|IOS.Build.0 = IOS_Shipping|Win32
		{9527F8E9-84A2-41DF-AA21-D777E7C5C64B}.Shipping|Win32.ActiveCfg = Shipping|Win32
		{9527F8E9-84A2-41DF-AA21-D777E7C5C64B}.Shipping|Win32.Build.0 = Shipping|Win32
		{9527F8E9-84A2-41DF-AA21-D777E7C5C64B}.Shipping|Win64.ActiveCfg = Shipping|x64
		{9527F8E9-84A2-41DF-AA21-D777E7C5C64B}.Shipping|Win64.Build.0 = Shipping|x64
	EndGlobalSection
	GlobalSection(SolutionProperties) = preSolution
		HideSolutionNode = FALSE
	EndGlobalSection
	GlobalSection(NestedProjects) = preSolution
		{772009E8-1B8E-4AEB-A4CA-131166A0CC5F} = {980CA2BB-EF0F-4306-B3E6-37CFF71F882E}
		{9527F8E9-84A2-41DF-AA21-D777E7C5C64B} = {4B9B89AB-2DF6-48A5-865C-30F3992E1697}
	EndGlobalSection
EndGlobal
